# THIS IS AN AUTOGENERATED FILE. DO NOT EDIT THIS FILE DIRECTLY.
# yarn lockfile v1


asyncify-wasm@^1.2.1:
  version "1.2.1"
  resolved "https://registry.yarnpkg.com/asyncify-wasm/-/asyncify-wasm-1.2.1.tgz#a15c0480e858619a4f971e44e6fc05c49015d9e8"
  integrity sha512-ZS7tZ8H8EVbUxAZnkKHvMt9UkYoALue2jwrVl7cnLByjq+1MRrbq7rL5TS+EHQduwkfXD/cNZNa+I0ZyLEBBRQ==
