# THIS IS AN AUTOGENERATED FILE. DO NOT EDIT THIS FILE DIRECTLY.
# yarn lockfile v1


as-bignum@^0.2.23:
  version "0.2.23"
  resolved "https://registry.yarnpkg.com/as-bignum/-/as-bignum-0.2.23.tgz#626e358721504291d35db4ce5c80693630048ad3"
  integrity sha512-0+GiwHNwyw0lXI+6uzOI6ReNOEsqKihdLJuOYJeqEOfXcIqwtSixLcQ7h9UQaMrroktW/Idmqj2TinpcWTxxJA==

as-string-sink@^0.5.3:
  version "0.5.3"
  resolved "https://registry.yarnpkg.com/as-string-sink/-/as-string-sink-0.5.3.tgz#462392222e01bb4570ee0df685b7f64630fd4f56"
  integrity sha512-DN/QqfptDhi4FaBqehMN9wH5Dl/PcTSfCfzSmcdtf3OVYYIEip5iyVUcS6t40BAP/OoUwtxCCbD/dlr2kVG+3Q==

as-variant@^0.4.1:
  version "0.4.1"
  resolved "https://registry.yarnpkg.com/as-variant/-/as-variant-0.4.1.tgz#a0c6e0379e53936e9ca888114096b85d9b3d6f6e"
  integrity sha512-NCeerOfp1JRXRcT4WCqOBANPoDTE2zqS4eN+jPtdyNWJybUgG/rX9ugUxICkSQZzCfnG84zzxr3osQbjAkyiww==

assemblyscript@^0.27.0:
  version "0.27.0"
  resolved "https://registry.yarnpkg.com/assemblyscript/-/assemblyscript-0.27.0.tgz#d6c3f8c361184eb7eca0e15431b4e43929168e05"
  integrity sha512-qD/pH71hHwI6dpR4LGMBASUH8E9jlLxIJXpuzC+2h2CzGS6JAq7nD2SHwG6uOVuzClYljo3gOr2JBzWTYpbq/Q==
  dependencies:
    binaryen "111.0.0-nightly.20230111"
    long "^5.2.0"

binaryen@111.0.0-nightly.20230111:
  version "111.0.0-nightly.20230111"
  resolved "https://registry.yarnpkg.com/binaryen/-/binaryen-111.0.0-nightly.20230111.tgz#251226c419ec2fb64037314f476d0e47965c3a84"
  integrity sha512-CUEED/yMHoGeGnOZhQJW5+Luf5z/F58PHK5lw2feh5fbbqauodgnxyYkc2oxSjYwHHRCmFmaYyeQH4zlhRbebg==

json-as@^0.5.23:
  version "0.5.24"
  resolved "https://registry.yarnpkg.com/json-as/-/json-as-0.5.24.tgz#c507c78dd771c9357b5185179589fcbf2a37c47a"
  integrity sha512-S7Re2h5GMS2MZfBc/BLoEA9KdY5Q837E0Rff9nfKjvKuq0D/EoPOsRRrUd9d0isVoPN09bUwwQ4sOfryMq8fNA==
  dependencies:
    as-bignum "^0.2.23"
    as-string-sink "^0.5.3"
    as-variant "^0.4.1"

lodash.clonedeep@^4.5.0:
  version "4.5.0"
  resolved "https://registry.yarnpkg.com/lodash.clonedeep/-/lodash.clonedeep-4.5.0.tgz#e23f3f9c4f8fbdde872529c1071857a086e5ccef"
  integrity sha512-H5ZhCF25riFd9uB5UCkVKo61m3S/xZk1x4wA6yp/L3RFP6Z/eHH1ymQcGLo7J3GMPfm0V/7m1tryHuGVxpqEBQ==

long@^5.2.0:
  version "5.2.1"
  resolved "https://registry.yarnpkg.com/long/-/long-5.2.1.tgz#e27595d0083d103d2fa2c20c7699f8e0c92b897f"
  integrity sha512-GKSNGeNAtw8IryjjkhZxuKB3JzlcLTwjtiQCHKvqQet81I93kXslhDQruGI/QsddO83mcDToBVy7GqGS/zYf/A==

ts-mixer@^6.0.2:
  version "6.0.3"
  resolved "https://registry.yarnpkg.com/ts-mixer/-/ts-mixer-6.0.3.tgz#69bd50f406ff39daa369885b16c77a6194c7cae6"
  integrity sha512-k43M7uCG1AkTyxgnmI5MPwKoUvS/bRvLvUb7+Pgpdlmok8AoqmUaZxUUw8zKM5B1lqZrt41GjYgnvAi0fppqgQ==

visitor-as@^0.11.4:
  version "0.11.4"
  resolved "https://registry.yarnpkg.com/visitor-as/-/visitor-as-0.11.4.tgz#7b2d7b7ac8be86d4741796aa0630af5e471a4744"
  integrity sha512-uih7AooY2V3LhzobjLqyEQzhYYBGeq0y/rZk295foM1Ko498f24NNXBDyM1SgzcLMFCAT/fpmSRco1BpTIdKNQ==
  dependencies:
    lodash.clonedeep "^4.5.0"
    ts-mixer "^6.0.2"
