# THIS IS AN AUTOGENERATED FILE. DO NOT EDIT THIS FILE DIRECTLY.
# yarn lockfile v1


assemblyscript@^0.26.4:
  version "0.26.4"
  resolved "https://registry.yarnpkg.com/assemblyscript/-/assemblyscript-0.26.4.tgz#9deef135401266bef1be553a24f7b21f4cee569b"
  integrity sha512-9e/mdTzbh3cAa3Nvv1iekCE6ljHaufKiycIzUfBjIDNeLfU30el1BBGAxPHDZQkS8pw11q7oynxOGght2ax7xg==
  dependencies:
    binaryen "111.0.0-nightly.20230111"
    long "^5.2.0"

binaryen@111.0.0-nightly.20230111:
  version "111.0.0-nightly.20230111"
  resolved "https://registry.yarnpkg.com/binaryen/-/binaryen-111.0.0-nightly.20230111.tgz#251226c419ec2fb64037314f476d0e47965c3a84"
  integrity sha512-CUEED/yMHoGeGnOZhQJW5+Luf5z/F58PHK5lw2feh5fbbqauodgnxyYkc2oxSjYwHHRCmFmaYyeQH4zlhRbebg==

long@^5.2.0:
  version "5.2.1"
  resolved "https://registry.yarnpkg.com/long/-/long-5.2.1.tgz#e27595d0083d103d2fa2c20c7699f8e0c92b897f"
  integrity sha512-GKSNGeNAtw8IryjjkhZxuKB3JzlcLTwjtiQCHKvqQet81I93kXslhDQruGI/QsddO83mcDToBVy7GqGS/zYf/A==
